
Microsoft Visual Studio Solution File, Format Version 12.00
# Visual Studio Version 17
VisualStudioVersion = 17.0.31808.319
MinimumVisualStudioVersion = 15.0.26124.0
Project("{2150E333-8FDC-42A3-9474-1A3956D46DE8}") = "Solution Items", "Solution Items", "{842B8284-41DA-4A2E-8DB5-6E800E3FE154}"
	ProjectSection(SolutionItems) = preProject
		.editorconfig = .editorconfig
		Directory.Build.props = Directory.Build.props
		Directory.Build.targets = Directory.Build.targets
	EndProjectSection
EndProject
Project("{9A19103F-16F7-4668-BE54-9A1E7A4F7556}") = "Grynwald.ChangeLog", "src\ChangeLog\Grynwald.ChangeLog.csproj", "{794CE9DC-3F83-417F-8911-A6645B6C762F}"
EndProject
Project("{9A19103F-16F7-4668-BE54-9A1E7A4F7556}") = "Grynwald.ChangeLog.Test", "src\ChangeLog.Test\Grynwald.ChangeLog.Test.csproj", "{71F3394B-0EFE-4F4E-BF2F-AA188EE69C69}"
EndProject
Project("{2150E333-8FDC-42A3-9474-1A3956D46DE8}") = "src", "src", "{6F9277E0-FE69-423E-9562-17AD4685338C}"
EndProject
Project("{2150E333-8FDC-42A3-9474-1A3956D46DE8}") = "utilities", "utilities", "{06933B81-2529-4A00-AF92-72995E60EF1F}"
EndProject
Project("{9A19103F-16F7-4668-BE54-9A1E7A4F7556}") = "docs", "utilities\docs\docs.csproj", "{87DD8806-172C-4C69-B9DD-5B1D593DB058}"
EndProject
Project("{9A19103F-16F7-4668-BE54-9A1E7A4F7556}") = "schema", "utilities\schema\schema.csproj", "{60DD3AA4-7B2D-419A-87B5-06E6BC419F53}"
EndProject
Global
	GlobalSection(SolutionConfigurationPlatforms) = preSolution
		Debug|Any CPU = Debug|Any CPU
		Release|Any CPU = Release|Any CPU
	EndGlobalSection
	GlobalSection(ProjectConfigurationPlatforms) = postSolution
		{794CE9DC-3F83-417F-8911-A6645B6C762F}.Debug|Any CPU.ActiveCfg = Debug|Any CPU
		{794CE9DC-3F83-417F-8911-A6645B6C762F}.Debug|Any CPU.Build.0 = Debug|Any CPU
		{794CE9DC-3F83-417F-8911-A6645B6C762F}.Release|Any CPU.ActiveCfg = Release|Any CPU
		{794CE9DC-3F83-417F-8911-A6645B6C762F}.Release|Any CPU.Build.0 = Release|Any CPU
		{71F3394B-0EFE-4F4E-BF2F-AA188EE69C69}.Debug|Any CPU.ActiveCfg = Debug|Any CPU
		{71F3394B-0EFE-4F4E-BF2F-AA188EE69C69}.Debug|Any CPU.Build.0 = Debug|Any CPU
		{71F3394B-0EFE-4F4E-BF2F-AA188EE69C69}.Release|Any CPU.ActiveCfg = Release|Any CPU
		{71F3394B-0EFE-4F4E-BF2F-AA188EE69C69}.Release|Any CPU.Build.0 = Release|Any CPU
		{87DD8806-172C-4C69-B9DD-5B1D593DB058}.Debug|Any CPU.ActiveCfg = Debug|Any CPU
		{87DD8806-172C-4C69-B9DD-5B1D593DB058}.Debug|Any CPU.Build.0 = Debug|Any CPU
		{87DD8806-172C-4C69-B9DD-5B1D593DB058}.Release|Any CPU.ActiveCfg = Release|Any CPU
		{87DD8806-172C-4C69-B9DD-5B1D593DB058}.Release|Any CPU.Build.0 = Release|Any CPU
		{60DD3AA4-7B2D-419A-87B5-06E6BC419F53}.Debug|Any CPU.ActiveCfg = Debug|Any CPU
		{60DD3AA4-7B2D-419A-87B5-06E6BC419F53}.Debug|Any CPU.Build.0 = Debug|Any CPU
		{60DD3AA4-7B2D-419A-87B5-06E6BC419F53}.Release|Any CPU.ActiveCfg = Release|Any CPU
		{60DD3AA4-7B2D-419A-87B5-06E6BC419F53}.Release|Any CPU.Build.0 = Release|Any CPU
	EndGlobalSection
	GlobalSection(SolutionProperties) = preSolution
		HideSolutionNode = FALSE
	EndGlobalSection
	GlobalSection(NestedProjects) = preSolution
		{794CE9DC-3F83-417F-8911-A6645B6C762F} = {6F9277E0-FE69-423E-9562-17AD4685338C}
		{71F3394B-0EFE-4F4E-BF2F-AA188EE69C69} = {6F9277E0-FE69-423E-9562-17AD4685338C}
		{87DD8806-172C-4C69-B9DD-5B1D593DB058} = {06933B81-2529-4A00-AF92-72995E60EF1F}
		{60DD3AA4-7B2D-419A-87B5-06E6BC419F53} = {06933B81-2529-4A00-AF92-72995E60EF1F}
	EndGlobalSection
	GlobalSection(ExtensibilityGlobals) = postSolution
		SolutionGuid = {87929660-5CD6-4938-983E-81B0B0DE86D6}
	EndGlobalSection
EndGlobal
