{
  "version": 1,
  "dependencies": {
    ".NETCoreApp,Version=v2.1": {
      "Autofac": {
        "type": "Direct",
        "requested": "[5.2.0, )",
        "resolved": "5.2.0",
        "contentHash": "V8dBH0dsv75uDzl7Sw+HkhKDPUw2eXnlMjcSVMH+tLo2s67MpTKGyDj1pDcpR+IF2u4YRs0s3/x7R88YJzIWvg==",
        "dependencies": {
          "Microsoft.Bcl.AsyncInterfaces": "1.1.0"
        }
      },
      "CommandLineParser": {
        "type": "Direct",
        "requested": "[2.8.0, )",
        "resolved": "2.8.0",
        "contentHash": "eco2HlKQBY4Joz9odHigzGpVzv6pjsXnY5lziioMveQxr+i2Z7xYcIOMeZTgYiqnMtMAbXMXsVhrNfWO5vJS8Q=="
      },
      "FluentValidation": {
        "type": "Direct",
        "requested": "[9.1.1, )",
        "resolved": "9.1.1",
        "contentHash": "7ztrqgJaKD5+tbnQwdRKPrL1EChnfpMzqvkRIQk9IogovAyvBAAdDiiZvO8+q0xeFyMUbSUOsSMBdKDMjjDaKQ=="
      },
      "GitLabApiClient": {
        "type": "Direct",
        "requested": "[1.6.0, )",
        "resolved": "1.6.0",
        "contentHash": "9qVJeLylf3W3oSGALSuiKVcsBuPo7i+x9AZagoMHyJK9RWsV31zYs6T5004LzuG7NfAfto43FjWGQLeYA+2COg==",
        "dependencies": {
          "Newtonsoft.Json": "12.0.3"
        }
      },
      "Grynwald.MarkdownGenerator": {
        "type": "Direct",
        "requested": "[2.5.34, )",
        "resolved": "2.5.34",
        "contentHash": "2esww+F8jCv2bfFkQJ7lAUfk7adbjI70i4cXdsd6TQIKIUIVgLNbLw0sZuvjbXpRfjrKu3nOTYiehS5Ua1l0Mw=="
      },
      "Grynwald.MdDocs.MSBuild": {
        "type": "Direct",
        "requested": "[0.3.84, )",
        "resolved": "0.3.84",
        "contentHash": "iCrcqZ55xFWXKFHMg0TKTwVq4ns/SxhSeCdbG+MN07RYQx8WXdVbbiVUsJvVouL3ImG8lAamwGgB0wqNQIKbMw=="
      },
      "Grynwald.Utilities": {
        "type": "Direct",
        "requested": "[1.6.11-pre, )",
        "resolved": "1.6.11-pre",
        "contentHash": "yeAy/2naCVuq2dMHxMglvjc88Vys8ASDlXaSD25xyOc/Y8HiK5pQG8Kpa5bRoShBs2Bvuu6HyMIdPPkw4/Z2DA=="
      },
      "Grynwald.Utilities.Configuration": {
        "type": "Direct",
        "requested": "[1.6.11-pre, )",
        "resolved": "1.6.11-pre",
        "contentHash": "COA4bt4+NN9aBXf+u188T7NrpDC77OMRnZsWOgtLoLpSHfWyC/7RYYl73zlKdGKLuk6/jOm/EfZWflGokHpOuA==",
        "dependencies": {
          "Microsoft.Extensions.Configuration": "2.2.0"
        }
      },
      "Grynwald.Utilities.Logging": {
        "type": "Direct",
        "requested": "[1.6.11-pre, )",
        "resolved": "1.6.11-pre",
        "contentHash": "Xsei76jgGxM1QklOrQxWNrur2p77aZbj7jZK/O0NEuq/T9cKUHqF2DgB2jPcDEw4I3GesjKJc4S3i2YeXvPzhg==",
        "dependencies": {
          "Microsoft.Extensions.Logging.Abstractions": "3.1.4"
        }
      },
      "LibGit2Sharp": {
        "type": "Direct",
        "requested": "[0.27.0-preview-0034, )",
        "resolved": "0.27.0-preview-0034",
        "contentHash": "Lv+zCR/OlbvotWYefRwHV0FDE0z+TVXUVbab9HdG4RG8MqaMYz4kL0cjs+DaCz2o7Qr1jpDMa/W44j4eMkhBVw==",
        "dependencies": {
          "LibGit2Sharp.NativeBinaries": "[2.0.298]"
        }
      },
      "Microsoft.Extensions.Configuration": {
        "type": "Direct",
        "requested": "[3.1.7, )",
        "resolved": "3.1.7",
        "contentHash": "JCVsQYNZNGeLXWMw6tkCZ8Wa2IQKF9AiLKeq9Ff2XvGJTMzhYEHAzF/FvHdeBBhPiOf+Kl1t6mdcHL93kUz6MA==",
        "dependencies": {
          "Microsoft.Extensions.Configuration.Abstractions": "3.1.7"
        }
      },
      "Microsoft.Extensions.Configuration.Binder": {
        "type": "Direct",
        "requested": "[3.1.7, )",
        "resolved": "3.1.7",
        "contentHash": "FYQ64i7DwYO6XDdOFi+VkoRDDzel570I+X/vTYt6mVJWNj1SAstXwZ71P5d6P2Cei+cT950NiScOwj4F8EUeTA==",
        "dependencies": {
          "Microsoft.Extensions.Configuration": "3.1.7"
        }
      },
      "Microsoft.Extensions.Configuration.EnvironmentVariables": {
        "type": "Direct",
        "requested": "[3.1.7, )",
        "resolved": "3.1.7",
        "contentHash": "oh54cY14iwmfUjZu6VYsUBBISDtq3xXShCSbsLy+8qBMk+LLNb3PPXgdhKRdV+OSmswbioyJrJD7ROwb2V1NDw==",
        "dependencies": {
          "Microsoft.Extensions.Configuration": "3.1.7"
        }
      },
      "Microsoft.Extensions.Configuration.Json": {
        "type": "Direct",
        "requested": "[3.1.7, )",
        "resolved": "3.1.7",
        "contentHash": "BGaWgKBQPXeRlv8g6ZKTd6clFsd7p0GBwHBIU0zxI4iy4S6xjGzpWr6LOAbzEqP5Fo2QBgL8Niq2lZONcmGLZQ==",
        "dependencies": {
          "Microsoft.Extensions.Configuration": "3.1.7",
          "Microsoft.Extensions.Configuration.FileExtensions": "3.1.7",
          "System.Text.Json": "4.7.2",
          "System.Threading.Tasks.Extensions": "4.5.4"
        }
      },
      "Microsoft.Extensions.Logging": {
        "type": "Direct",
        "requested": "[3.1.6, )",
        "resolved": "3.1.6",
        "contentHash": "qZH7iTdJn+kS/DWzQgQWMGMHBv+SqzuJB14G9tKAR2w3b6Wzn4ClAK3LGsc2l/cwBW3At1OJT/jBAal4Qm5Rjw==",
        "dependencies": {
          "Microsoft.Extensions.Configuration.Binder": "3.1.6",
          "Microsoft.Extensions.DependencyInjection": "3.1.6",
          "Microsoft.Extensions.Logging.Abstractions": "3.1.6",
          "Microsoft.Extensions.Options": "3.1.6"
        }
      },
      "Microsoft.NETCore.App": {
        "type": "Direct",
        "requested": "[2.1.0, )",
        "resolved": "2.1.0",
        "contentHash": "JNHhG+j5eIhG26+H721IDmwswGUznTwwSuJMFe/08h0X2YarHvA15sVAvUkA/2Sp3W0ENNm48t+J7KTPRqEpfA==",
        "dependencies": {
          "Microsoft.NETCore.DotNetHostPolicy": "2.1.0",
          "Microsoft.NETCore.Platforms": "2.1.0",
          "Microsoft.NETCore.Targets": "2.1.0",
          "NETStandard.Library": "2.0.3"
        }
      },
      "Microsoft.SourceLink.GitHub": {
        "type": "Direct",
        "requested": "[1.0.0, )",
        "resolved": "1.0.0",
        "contentHash": "aZyGyGg2nFSxix+xMkPmlmZSsnGQ3w+mIG23LTxJZHN+GPwTQ5FpPgDo7RMOq+Kcf5D4hFWfXkGhoGstawX13Q==",
        "dependencies": {
          "Microsoft.Build.Tasks.Git": "1.0.0",
          "Microsoft.SourceLink.Common": "1.0.0"
        }
      },
      "Nerdbank.GitVersioning": {
        "type": "Direct",
        "requested": "[3.2.31, )",
        "resolved": "3.2.31",
        "contentHash": "19grBnpqHLxViOt1cwE+cI+brQ2swdm4gfM97P+9KbbgWGfXtdy4EmpVAkUZ3MgntFYYbUvfldM4pUOmks5q0w=="
      },
      "NuGet.Versioning": {
        "type": "Direct",
        "requested": "[5.6.0, )",
        "resolved": "5.6.0",
        "contentHash": "UIUh1X1XXSOJwc18a7ssTmCAyN7sDXOTfNJN9HfJnWX8NStzQeZq/6RHfSHYMxUjECk6n5alCQjUA51C36R46A=="
      },
      "Octokit": {
        "type": "Direct",
        "requested": "[0.48.0, )",
        "resolved": "0.48.0",
        "contentHash": "WitpE+15EL9+vwxPg92O3uTfMJsAdN+wTZfU3dgr7KPItAfoWgsoLudzfEisHHKAROTJsPi/9mV9yGTA34hYAQ=="
      },
      "LibGit2Sharp.NativeBinaries": {
        "type": "Transitive",
        "resolved": "2.0.298",
        "contentHash": "xcjafpXRiv2mvSUTOVpv6SaFZi5udUtZ+DXxmBTL4aQpyrb2mwMqkVw3LYL06HLCaBV5GmC0/8R8CGvMmRx0Uw=="
      },
      "Microsoft.Bcl.AsyncInterfaces": {
        "type": "Transitive",
        "resolved": "1.1.1",
        "contentHash": "yuvf07qFWFqtK3P/MRkEKLhn5r2UbSpVueRziSqj0yJQIKFwG1pq9mOayK3zE5qZCTs0CbrwL9M6R8VwqyGy2w=="
      },
      "Microsoft.Build.Tasks.Git": {
        "type": "Transitive",
        "resolved": "1.0.0",
        "contentHash": "z2fpmmt+1Jfl+ZnBki9nSP08S1/tbEOxFdsK1rSR+LBehIJz1Xv9/6qOOoGNqlwnAGGVGis1Oj6S8Kt9COEYlQ=="
      },
      "Microsoft.Extensions.Configuration.Abstractions": {
        "type": "Transitive",
        "resolved": "3.1.7",
        "contentHash": "WJEbrrIgly95D9rM8Gwr4w8sbYla6/iOcCZ0UE7+Qg/Q8NnQJwAJ60Lq1A26zbNE8Fm1fkbGU90LDl8e+BoRSQ==",
        "dependencies": {
          "Microsoft.Extensions.Primitives": "3.1.7"
        }
      },
      "Microsoft.Extensions.Configuration.FileExtensions": {
        "type": "Transitive",
        "resolved": "3.1.7",
        "contentHash": "MyT8ALBcE5vZ/cbkBhoo8ZFqj6AAGUrPXQlFdLAkxS11WO0vVxtJwVQVIbIM79zWI94ZkMq8Mw4E9MvuspDj9w==",
        "dependencies": {
          "Microsoft.Extensions.Configuration": "3.1.7",
          "Microsoft.Extensions.FileProviders.Physical": "3.1.7"
        }
      },
      "Microsoft.Extensions.DependencyInjection": {
        "type": "Transitive",
        "resolved": "3.1.6",
        "contentHash": "YMJWflBmBc0PbqYvt3m4ueSCgV51JLfqHhyunoVq0rBs9V4sVQw5JsPTB17bIrlHFJs2pt2olgfavOOvuGwoRg==",
        "dependencies": {
          "Microsoft.Bcl.AsyncInterfaces": "1.1.1",
          "Microsoft.Extensions.DependencyInjection.Abstractions": "3.1.6"
        }
      },
      "Microsoft.Extensions.DependencyInjection.Abstractions": {
        "type": "Transitive",
        "resolved": "3.1.6",
        "contentHash": "JVlypPjlPqOEyAhET6pA7TqrK+Ya8TrYe2vvqsp62TYKS87oNuReoS7XpDFW0rrOsQo66G1yYf3K0E+lJHFHuw=="
      },
      "Microsoft.Extensions.FileProviders.Abstractions": {
        "type": "Transitive",
        "resolved": "3.1.7",
        "contentHash": "nasMSdDlIIBcKgGVHoZdFSmfUY1bI0zkvfZTsWLlEFcMCVD0fzcgsVlkeZTzPLJV0w7Uwq3okOgMWpU1nFEhxg==",
        "dependencies": {
          "Microsoft.Extensions.Primitives": "3.1.7"
        }
      },
      "Microsoft.Extensions.FileProviders.Physical": {
        "type": "Transitive",
        "resolved": "3.1.7",
        "contentHash": "mo21yJfL3oGCjC/rcwdbs2z4KGL9R5BvTfwYR31ueyg3l77i9oPCryMtlSZ4TvpI5duENNEpZyzcpaycqERdZQ==",
        "dependencies": {
          "Microsoft.Extensions.FileProviders.Abstractions": "3.1.7",
          "Microsoft.Extensions.FileSystemGlobbing": "3.1.7"
        }
      },
      "Microsoft.Extensions.FileSystemGlobbing": {
        "type": "Transitive",
        "resolved": "3.1.7",
        "contentHash": "Cenv9mtZdSZ9u09rGYl3ejMB19gIOdRryXk/rYEzQsyrBTTuNzmRHwtHdy640P08DL1Rdu+0z/s2lpvFbZV8Hw=="
      },
      "Microsoft.Extensions.Logging.Abstractions": {
        "type": "Transitive",
        "resolved": "3.1.6",
        "contentHash": "o2XYIjF9UugupEPvFsc9N8SjevixoRznS0V6EtjUZcGV4EjXXWKUXlKKsIWmD3i4dSiGo82aNcyqfQTsF/8h8g=="
      },
      "Microsoft.Extensions.Options": {
        "type": "Transitive",
        "resolved": "3.1.6",
        "contentHash": "6nBkdL9UxCfA8eDuFBZVYAYpJhux0a6R7y58KcYnqKEYF84X9cK1uJQ9a+VWEWGXujMa4fnCGoVdKNYhANqbZg==",
        "dependencies": {
          "Microsoft.Extensions.DependencyInjection.Abstractions": "3.1.6",
          "Microsoft.Extensions.Primitives": "3.1.6",
          "System.ComponentModel.Annotations": "4.7.0"
        }
      },
      "Microsoft.Extensions.Primitives": {
        "type": "Transitive",
        "resolved": "3.1.7",
        "contentHash": "sa17s3vDAXTuIVGxuJcK713i0B0iaUoiwY4Sl2SLHhMqM8snznn0YVGiZAVkoKEUFWjvIg1Z/JNmAicBamI4mg==",
        "dependencies": {
          "System.Memory": "4.5.2",
          "System.Runtime.CompilerServices.Unsafe": "4.7.1"
        }
      },
      "Microsoft.NETCore.DotNetAppHost": {
        "type": "Transitive",
        "resolved": "2.1.0",
        "contentHash": "vMn8V3GOp/SPOG2oE8WxswzAWZ/GZmc8EPiB3vc2EZ6us14ehXhsvUFXndYopGNSjCa9OdqC6L6xStF1KyUZnw=="
      },
      "Microsoft.NETCore.DotNetHostPolicy": {
        "type": "Transitive",
        "resolved": "2.1.0",
        "contentHash": "vBUwNihtLUVS2HhO6WocYfAktRmfFihm6JB8/sJ53caVW+AelvbnYpfiGzaZDpkWjN6vA3xzOKPu9Vu8Zz3p8Q==",
        "dependencies": {
          "Microsoft.NETCore.DotNetHostResolver": "2.1.0"
        }
      },
      "Microsoft.NETCore.DotNetHostResolver": {
        "type": "Transitive",
        "resolved": "2.1.0",
        "contentHash": "o0PRql5qOHFEY3d1WvzE+T7cMFKtOsWLMg8L1oTeGNnI4u5AzOj8o6AdZT3y2GxFA1DAx7AQ9qZjpCO2/bgZRw==",
        "dependencies": {
          "Microsoft.NETCore.DotNetAppHost": "2.1.0"
        }
      },
      "Microsoft.NETCore.Platforms": {
        "type": "Transitive",
        "resolved": "2.1.0",
        "contentHash": "ok+RPAtESz/9MUXeIEz6Lv5XAGQsaNmEYXMsgVALj4D7kqC8gveKWXWXbufLySR2fWrwZf8smyN5RmHu0e4BHA=="
      },
      "Microsoft.NETCore.Targets": {
        "type": "Transitive",
        "resolved": "2.1.0",
        "contentHash": "x188gIZXOwFXkPXyGavEcPGcR6RGvjFOES2QzskN4gERZjWPN34qhRsZVMC0CLJfQLGSButarcgWxPPM4vmg0w=="
      },
      "Microsoft.SourceLink.Common": {
        "type": "Transitive",
        "resolved": "1.0.0",
        "contentHash": "G8DuQY8/DK5NN+3jm5wcMcd9QYD90UV7MiLmdljSJixi3U/vNaeBKmmXUqI4DJCOeWizIUEh4ALhSt58mR+5eg=="
      },
      "NETStandard.Library": {
        "type": "Transitive",
        "resolved": "2.0.3",
        "contentHash": "st47PosZSHrjECdjeIzZQbzivYBJFv6P2nv4cj2ypdI204DO+vZ7l5raGMiX4eXMJ53RfOIg+/s4DHVZ54Nu2A==",
        "dependencies": {
          "Microsoft.NETCore.Platforms": "1.1.0"
        }
      },
      "Newtonsoft.Json": {
        "type": "Transitive",
        "resolved": "12.0.3",
        "contentHash": "6mgjfnRB4jKMlzHSl+VD+oUc1IebOZabkbyWj2RiTgWwYPPuaK1H97G1sHqGwPlS5npiF5Q0OrxN1wni2n5QWg=="
      },
      "System.ComponentModel.Annotations": {
        "type": "Transitive",
        "resolved": "4.7.0",
        "contentHash": "0YFqjhp/mYkDGpU0Ye1GjE53HMp9UVfGN7seGpAMttAC0C40v5gw598jCgpbBLMmCo0E5YRLBv5Z2doypO49ZQ=="
      },
      "System.Memory": {
        "type": "Transitive",
        "resolved": "4.5.2",
        "contentHash": "fvq1GNmUFwbKv+aLVYYdgu/+gc8Nu9oFujOxIjPrsf+meis9JBzTPDL6aP/eeGOz9yPj6rRLUbOjKMpsMEWpNg=="
      },
      "System.Runtime.CompilerServices.Unsafe": {
        "type": "Transitive",
        "resolved": "4.7.1",
        "contentHash": "zOHkQmzPCn5zm/BH+cxC1XbUS3P4Yoi3xzW7eRgVpDR2tPGSzyMZ17Ig1iRkfJuY0nhxkQQde8pgePNiA7z7TQ=="
      },
      "System.Text.Encodings.Web": {
        "type": "Transitive",
        "resolved": "4.7.1",
        "contentHash": "3qreYFQcLnyFk1LuaNWyyWE+sfkfe5eSTaIIssYrLNUIDbgyZNQBYQSzSDo4AprpjVeVX2T4KHKii9fiSZVUow=="
      },
      "System.Text.Json": {
        "type": "Transitive",
        "resolved": "4.7.2",
        "contentHash": "TcMd95wcrubm9nHvJEQs70rC0H/8omiSGGpU4FQ/ZA1URIqD4pjmFJh2Mfv1yH1eHgJDWTi2hMDXwTET+zOOyg==",
        "dependencies": {
          "Microsoft.Bcl.AsyncInterfaces": "1.1.0",
          "System.Runtime.CompilerServices.Unsafe": "4.7.1",
          "System.Text.Encodings.Web": "4.7.1"
        }
      },
      "System.Threading.Tasks.Extensions": {
        "type": "Transitive",
        "resolved": "4.5.4",
        "contentHash": "zteT+G8xuGu6mS+mzDzYXbzS7rd3K6Fjb9RiZlYlJPam2/hU7JCBZBVEcywNuR+oZ1ncTvc/cq0faRr3P01OVg=="
      }
    },
    ".NETCoreApp,Version=v3.1": {
      "Autofac": {
        "type": "Direct",
        "requested": "[5.2.0, )",
        "resolved": "5.2.0",
        "contentHash": "V8dBH0dsv75uDzl7Sw+HkhKDPUw2eXnlMjcSVMH+tLo2s67MpTKGyDj1pDcpR+IF2u4YRs0s3/x7R88YJzIWvg=="
      },
      "CommandLineParser": {
        "type": "Direct",
        "requested": "[2.8.0, )",
        "resolved": "2.8.0",
        "contentHash": "eco2HlKQBY4Joz9odHigzGpVzv6pjsXnY5lziioMveQxr+i2Z7xYcIOMeZTgYiqnMtMAbXMXsVhrNfWO5vJS8Q=="
      },
      "FluentValidation": {
        "type": "Direct",
        "requested": "[9.1.1, )",
        "resolved": "9.1.1",
        "contentHash": "7ztrqgJaKD5+tbnQwdRKPrL1EChnfpMzqvkRIQk9IogovAyvBAAdDiiZvO8+q0xeFyMUbSUOsSMBdKDMjjDaKQ=="
      },
      "GitLabApiClient": {
        "type": "Direct",
        "requested": "[1.6.0, )",
        "resolved": "1.6.0",
        "contentHash": "9qVJeLylf3W3oSGALSuiKVcsBuPo7i+x9AZagoMHyJK9RWsV31zYs6T5004LzuG7NfAfto43FjWGQLeYA+2COg==",
        "dependencies": {
          "Newtonsoft.Json": "12.0.3"
        }
      },
      "Grynwald.MarkdownGenerator": {
        "type": "Direct",
        "requested": "[2.5.34, )",
        "resolved": "2.5.34",
        "contentHash": "2esww+F8jCv2bfFkQJ7lAUfk7adbjI70i4cXdsd6TQIKIUIVgLNbLw0sZuvjbXpRfjrKu3nOTYiehS5Ua1l0Mw=="
      },
      "Grynwald.MdDocs.MSBuild": {
        "type": "Direct",
        "requested": "[0.3.84, )",
        "resolved": "0.3.84",
        "contentHash": "iCrcqZ55xFWXKFHMg0TKTwVq4ns/SxhSeCdbG+MN07RYQx8WXdVbbiVUsJvVouL3ImG8lAamwGgB0wqNQIKbMw=="
      },
      "Grynwald.Utilities": {
        "type": "Direct",
        "requested": "[1.6.11-pre, )",
        "resolved": "1.6.11-pre",
        "contentHash": "yeAy/2naCVuq2dMHxMglvjc88Vys8ASDlXaSD25xyOc/Y8HiK5pQG8Kpa5bRoShBs2Bvuu6HyMIdPPkw4/Z2DA=="
      },
      "Grynwald.Utilities.Configuration": {
        "type": "Direct",
        "requested": "[1.6.11-pre, )",
        "resolved": "1.6.11-pre",
        "contentHash": "COA4bt4+NN9aBXf+u188T7NrpDC77OMRnZsWOgtLoLpSHfWyC/7RYYl73zlKdGKLuk6/jOm/EfZWflGokHpOuA==",
        "dependencies": {
          "Microsoft.Extensions.Configuration": "2.2.0"
        }
      },
      "Grynwald.Utilities.Logging": {
        "type": "Direct",
        "requested": "[1.6.11-pre, )",
        "resolved": "1.6.11-pre",
        "contentHash": "Xsei76jgGxM1QklOrQxWNrur2p77aZbj7jZK/O0NEuq/T9cKUHqF2DgB2jPcDEw4I3GesjKJc4S3i2YeXvPzhg==",
        "dependencies": {
          "Microsoft.Extensions.Logging.Abstractions": "3.1.4"
        }
      },
      "LibGit2Sharp": {
        "type": "Direct",
        "requested": "[0.27.0-preview-0034, )",
        "resolved": "0.27.0-preview-0034",
        "contentHash": "Lv+zCR/OlbvotWYefRwHV0FDE0z+TVXUVbab9HdG4RG8MqaMYz4kL0cjs+DaCz2o7Qr1jpDMa/W44j4eMkhBVw==",
        "dependencies": {
          "LibGit2Sharp.NativeBinaries": "[2.0.298]"
        }
      },
      "Microsoft.Extensions.Configuration": {
        "type": "Direct",
        "requested": "[3.1.7, )",
        "resolved": "3.1.7",
        "contentHash": "JCVsQYNZNGeLXWMw6tkCZ8Wa2IQKF9AiLKeq9Ff2XvGJTMzhYEHAzF/FvHdeBBhPiOf+Kl1t6mdcHL93kUz6MA==",
        "dependencies": {
          "Microsoft.Extensions.Configuration.Abstractions": "3.1.7"
        }
      },
      "Microsoft.Extensions.Configuration.Binder": {
        "type": "Direct",
        "requested": "[3.1.7, )",
        "resolved": "3.1.7",
        "contentHash": "FYQ64i7DwYO6XDdOFi+VkoRDDzel570I+X/vTYt6mVJWNj1SAstXwZ71P5d6P2Cei+cT950NiScOwj4F8EUeTA==",
        "dependencies": {
          "Microsoft.Extensions.Configuration": "3.1.7"
        }
      },
      "Microsoft.Extensions.Configuration.EnvironmentVariables": {
        "type": "Direct",
        "requested": "[3.1.7, )",
        "resolved": "3.1.7",
        "contentHash": "oh54cY14iwmfUjZu6VYsUBBISDtq3xXShCSbsLy+8qBMk+LLNb3PPXgdhKRdV+OSmswbioyJrJD7ROwb2V1NDw==",
        "dependencies": {
          "Microsoft.Extensions.Configuration": "3.1.7"
        }
      },
      "Microsoft.Extensions.Configuration.Json": {
        "type": "Direct",
        "requested": "[3.1.7, )",
        "resolved": "3.1.7",
        "contentHash": "BGaWgKBQPXeRlv8g6ZKTd6clFsd7p0GBwHBIU0zxI4iy4S6xjGzpWr6LOAbzEqP5Fo2QBgL8Niq2lZONcmGLZQ==",
        "dependencies": {
          "Microsoft.Extensions.Configuration": "3.1.7",
          "Microsoft.Extensions.Configuration.FileExtensions": "3.1.7"
        }
      },
      "Microsoft.Extensions.Logging": {
        "type": "Direct",
        "requested": "[3.1.6, )",
        "resolved": "3.1.6",
        "contentHash": "qZH7iTdJn+kS/DWzQgQWMGMHBv+SqzuJB14G9tKAR2w3b6Wzn4ClAK3LGsc2l/cwBW3At1OJT/jBAal4Qm5Rjw==",
        "dependencies": {
          "Microsoft.Extensions.Configuration.Binder": "3.1.6",
          "Microsoft.Extensions.DependencyInjection": "3.1.6",
          "Microsoft.Extensions.Logging.Abstractions": "3.1.6",
          "Microsoft.Extensions.Options": "3.1.6"
        }
      },
      "Microsoft.SourceLink.GitHub": {
        "type": "Direct",
        "requested": "[1.0.0, )",
        "resolved": "1.0.0",
        "contentHash": "aZyGyGg2nFSxix+xMkPmlmZSsnGQ3w+mIG23LTxJZHN+GPwTQ5FpPgDo7RMOq+Kcf5D4hFWfXkGhoGstawX13Q==",
        "dependencies": {
          "Microsoft.Build.Tasks.Git": "1.0.0",
          "Microsoft.SourceLink.Common": "1.0.0"
        }
      },
      "Nerdbank.GitVersioning": {
        "type": "Direct",
        "requested": "[3.2.31, )",
        "resolved": "3.2.31",
        "contentHash": "19grBnpqHLxViOt1cwE+cI+brQ2swdm4gfM97P+9KbbgWGfXtdy4EmpVAkUZ3MgntFYYbUvfldM4pUOmks5q0w=="
      },
      "NuGet.Versioning": {
        "type": "Direct",
        "requested": "[5.6.0, )",
        "resolved": "5.6.0",
        "contentHash": "UIUh1X1XXSOJwc18a7ssTmCAyN7sDXOTfNJN9HfJnWX8NStzQeZq/6RHfSHYMxUjECk6n5alCQjUA51C36R46A=="
      },
      "Octokit": {
        "type": "Direct",
        "requested": "[0.48.0, )",
        "resolved": "0.48.0",
        "contentHash": "WitpE+15EL9+vwxPg92O3uTfMJsAdN+wTZfU3dgr7KPItAfoWgsoLudzfEisHHKAROTJsPi/9mV9yGTA34hYAQ=="
      },
      "LibGit2Sharp.NativeBinaries": {
        "type": "Transitive",
        "resolved": "2.0.298",
        "contentHash": "xcjafpXRiv2mvSUTOVpv6SaFZi5udUtZ+DXxmBTL4aQpyrb2mwMqkVw3LYL06HLCaBV5GmC0/8R8CGvMmRx0Uw=="
      },
      "Microsoft.Build.Tasks.Git": {
        "type": "Transitive",
        "resolved": "1.0.0",
        "contentHash": "z2fpmmt+1Jfl+ZnBki9nSP08S1/tbEOxFdsK1rSR+LBehIJz1Xv9/6qOOoGNqlwnAGGVGis1Oj6S8Kt9COEYlQ=="
      },
      "Microsoft.Extensions.Configuration.Abstractions": {
        "type": "Transitive",
        "resolved": "3.1.7",
        "contentHash": "WJEbrrIgly95D9rM8Gwr4w8sbYla6/iOcCZ0UE7+Qg/Q8NnQJwAJ60Lq1A26zbNE8Fm1fkbGU90LDl8e+BoRSQ==",
        "dependencies": {
          "Microsoft.Extensions.Primitives": "3.1.7"
        }
      },
      "Microsoft.Extensions.Configuration.FileExtensions": {
        "type": "Transitive",
        "resolved": "3.1.7",
        "contentHash": "MyT8ALBcE5vZ/cbkBhoo8ZFqj6AAGUrPXQlFdLAkxS11WO0vVxtJwVQVIbIM79zWI94ZkMq8Mw4E9MvuspDj9w==",
        "dependencies": {
          "Microsoft.Extensions.Configuration": "3.1.7",
          "Microsoft.Extensions.FileProviders.Physical": "3.1.7"
        }
      },
      "Microsoft.Extensions.DependencyInjection": {
        "type": "Transitive",
        "resolved": "3.1.6",
        "contentHash": "YMJWflBmBc0PbqYvt3m4ueSCgV51JLfqHhyunoVq0rBs9V4sVQw5JsPTB17bIrlHFJs2pt2olgfavOOvuGwoRg==",
        "dependencies": {
          "Microsoft.Extensions.DependencyInjection.Abstractions": "3.1.6"
        }
      },
      "Microsoft.Extensions.DependencyInjection.Abstractions": {
        "type": "Transitive",
        "resolved": "3.1.6",
        "contentHash": "JVlypPjlPqOEyAhET6pA7TqrK+Ya8TrYe2vvqsp62TYKS87oNuReoS7XpDFW0rrOsQo66G1yYf3K0E+lJHFHuw=="
      },
      "Microsoft.Extensions.FileProviders.Abstractions": {
        "type": "Transitive",
        "resolved": "3.1.7",
        "contentHash": "nasMSdDlIIBcKgGVHoZdFSmfUY1bI0zkvfZTsWLlEFcMCVD0fzcgsVlkeZTzPLJV0w7Uwq3okOgMWpU1nFEhxg==",
        "dependencies": {
          "Microsoft.Extensions.Primitives": "3.1.7"
        }
      },
      "Microsoft.Extensions.FileProviders.Physical": {
        "type": "Transitive",
        "resolved": "3.1.7",
        "contentHash": "mo21yJfL3oGCjC/rcwdbs2z4KGL9R5BvTfwYR31ueyg3l77i9oPCryMtlSZ4TvpI5duENNEpZyzcpaycqERdZQ==",
        "dependencies": {
          "Microsoft.Extensions.FileProviders.Abstractions": "3.1.7",
          "Microsoft.Extensions.FileSystemGlobbing": "3.1.7"
        }
      },
      "Microsoft.Extensions.FileSystemGlobbing": {
        "type": "Transitive",
        "resolved": "3.1.7",
        "contentHash": "Cenv9mtZdSZ9u09rGYl3ejMB19gIOdRryXk/rYEzQsyrBTTuNzmRHwtHdy640P08DL1Rdu+0z/s2lpvFbZV8Hw=="
      },
      "Microsoft.Extensions.Logging.Abstractions": {
        "type": "Transitive",
        "resolved": "3.1.6",
        "contentHash": "o2XYIjF9UugupEPvFsc9N8SjevixoRznS0V6EtjUZcGV4EjXXWKUXlKKsIWmD3i4dSiGo82aNcyqfQTsF/8h8g=="
      },
      "Microsoft.Extensions.Options": {
        "type": "Transitive",
        "resolved": "3.1.6",
        "contentHash": "6nBkdL9UxCfA8eDuFBZVYAYpJhux0a6R7y58KcYnqKEYF84X9cK1uJQ9a+VWEWGXujMa4fnCGoVdKNYhANqbZg==",
        "dependencies": {
          "Microsoft.Extensions.DependencyInjection.Abstractions": "3.1.6",
          "Microsoft.Extensions.Primitives": "3.1.6"
        }
      },
      "Microsoft.Extensions.Primitives": {
        "type": "Transitive",
        "resolved": "3.1.7",
        "contentHash": "sa17s3vDAXTuIVGxuJcK713i0B0iaUoiwY4Sl2SLHhMqM8snznn0YVGiZAVkoKEUFWjvIg1Z/JNmAicBamI4mg=="
      },
      "Microsoft.SourceLink.Common": {
        "type": "Transitive",
        "resolved": "1.0.0",
        "contentHash": "G8DuQY8/DK5NN+3jm5wcMcd9QYD90UV7MiLmdljSJixi3U/vNaeBKmmXUqI4DJCOeWizIUEh4ALhSt58mR+5eg=="
      },
      "Newtonsoft.Json": {
        "type": "Transitive",
        "resolved": "12.0.3",
        "contentHash": "6mgjfnRB4jKMlzHSl+VD+oUc1IebOZabkbyWj2RiTgWwYPPuaK1H97G1sHqGwPlS5npiF5Q0OrxN1wni2n5QWg=="
      }
    }
  }
}