{
  "version": 1,
  "dependencies": {
    "net6.0": {
      "Markdig": {
        "type": "Direct",
        "requested": "[0.28.0, )",
        "resolved": "0.28.0",
        "contentHash": "gT6Sm14OaKQDwus5wFoI/v+Zxrgd2r70pkfq6dC1mIZaK1rvdEHtfnf3nD/Q/clrPFcvBIxZag79NXFjMkxhmA=="
      },
      "Microsoft.SourceLink.GitHub": {
        "type": "Direct",
        "requested": "[1.1.1, )",
        "resolved": "1.1.1",
        "contentHash": "IaJGnOv/M7UQjRJks7B6p7pbPnOwisYGOIzqCz5ilGFTApZ3ktOR+6zJ12ZRPInulBmdAf1SrGdDG2MU8g6XTw==",
        "dependencies": {
          "Microsoft.Build.Tasks.Git": "1.1.1",
          "Microsoft.SourceLink.Common": "1.1.1"
        }
      },
      "Nerdbank.GitVersioning": {
        "type": "Direct",
        "requested": "[3.5.54-alpha, )",
        "resolved": "3.5.54-alpha",
        "contentHash": "k/sVSDMtXMSqACw2to3uW+h8AeS2mvcc6KspQG+OG8U3/ARhikFgMrw2nDbb0cRCL2Ox6aLzvt4smw5p2docXw=="
      },
      "Newtonsoft.Json": {
        "type": "Direct",
        "requested": "[13.0.1, )",
        "resolved": "13.0.1",
        "contentHash": "ppPFpBcvxdsfUonNcvITKqLl3bqxWbDCZIzDWHzjpdAHRFfZe0Dw9HmA0+za13IdyrgJwpkDTDA9fHaxOrt20A=="
      },
      "Spectre.Console": {
        "type": "Direct",
        "requested": "[0.43.0, )",
        "resolved": "0.43.0",
        "contentHash": "TyfzVxx3jHr1FeeI9Z6Jn6QTnP7KduV14dn9GTYc0v/t2h4L6WJ0Kc2DOnOJUlGBQ/qXK4P+HITIR/JTHcKYLg=="
      },
      "Autofac": {
        "type": "Transitive",
        "resolved": "6.3.0",
        "contentHash": "gO4bli0N8tDnBHzbYktcnbXlmN6T+IT5W+FUGgCUaM6pwwHXIxOPoUGvfGum7sZpJJgfQNgjFFv80ZPuARgRdA==",
        "dependencies": {
          "System.Diagnostics.DiagnosticSource": "4.7.1"
        }
      },
      "CommandLineParser": {
        "type": "Transitive",
        "resolved": "2.8.0",
        "contentHash": "eco2HlKQBY4Joz9odHigzGpVzv6pjsXnY5lziioMveQxr+i2Z7xYcIOMeZTgYiqnMtMAbXMXsVhrNfWO5vJS8Q=="
      },
      "FluentValidation": {
        "type": "Transitive",
        "resolved": "10.4.0",
        "contentHash": "rVI1b5L3pq3layrRKIo3N7AT3PWey8ocPZhf6zeHYf6LBBvnP1KzW3bm7KmeazOWW8m1KXMD+shfviIcKSgQ0g=="
      },
      "GitLabApiClient": {
        "type": "Transitive",
        "resolved": "1.8.0",
        "contentHash": "xfC4r7AQaRsX/IgQuMAskAK520CfB66rnENt327qymAD+ZIh/y6DwSqKmvPIZMQao74rL0Dpm66cn5q1X+lqLA==",
        "dependencies": {
          "Newtonsoft.Json": "12.0.3"
        }
      },
      "Grynwald.Utilities": {
        "type": "Transitive",
        "resolved": "1.6.122",
        "contentHash": "mToOFiNgw43Tcvo1FA+hnNHEO4TrcK7QJi/pXony2B/4ui7d66/MVUrVWIGIxE1LT6jW776d74t/c3E99G9hLQ=="
      },
      "Grynwald.Utilities.Configuration": {
        "type": "Transitive",
        "resolved": "1.6.122",
        "contentHash": "e/8Dt4EGZrQmyxyS7rKYVP5YyNP62PfV3mfPFg+cYc2pGRut3QMKfYCA6JAqkiJtoQOh3akguC8JwjRl5o61Jg==",
        "dependencies": {
          "Microsoft.Extensions.Configuration": "6.0.0"
        }
      },
      "Grynwald.Utilities.Logging": {
        "type": "Transitive",
        "resolved": "1.6.122",
        "contentHash": "r9lg3afsHlvAKqlWTWwYQ/IzSZAuzXkPoo38DRWD1Wo9ZWqklpxD1mjl1/gv7Lh0/4WbBLK5XSExqN0Th/WqGw==",
        "dependencies": {
          "Microsoft.Extensions.Logging.Abstractions": "6.0.0"
        }
      },
      "LibGit2Sharp": {
        "type": "Transitive",
        "resolved": "0.27.0-preview-0175",
        "contentHash": "dshdxaQU3MPVbVCTEbv/6Bek1G0uAq1zSiqHC0XUvJG/MHU3HxC3rLiaEvnMfLuEls/2HZQcWFW2ys1qUA3x2Q==",
        "dependencies": {
          "LibGit2Sharp.NativeBinaries": "[2.0.315-alpha.0.9]"
        }
      },
      "LibGit2Sharp.NativeBinaries": {
        "type": "Transitive",
        "resolved": "2.0.315-alpha.0.9",
        "contentHash": "Cl9E9ZRZm2ma5k/gD/9+f5WAh/9ayhENos/jLkSmPmzkuKl8qkTaLHA9j70qEZ1RSRceDlIwbfSYzVD5JaxHzg=="
      },
      "Microsoft.Build.Tasks.Git": {
        "type": "Transitive",
        "resolved": "1.1.1",
        "contentHash": "AT3HlgTjsqHnWpBHSNeR0KxbLZD7bztlZVj7I8vgeYG9SYqbeFGh0TM/KVtC6fg53nrWHl3VfZFvb5BiQFcY6Q=="
      },
      "Microsoft.Extensions.Configuration": {
        "type": "Transitive",
        "resolved": "6.0.1",
        "contentHash": "BUyFU9t+HzlSE7ri4B+AQN2BgTgHv/uM82s5ZkgU1BApyzWzIl48nDsG5wR1t0pniNuuyTBzG3qCW8152/NtSw==",
        "dependencies": {
          "Microsoft.Extensions.Configuration.Abstractions": "6.0.0",
          "Microsoft.Extensions.Primitives": "6.0.0"
        }
      },
      "Microsoft.Extensions.Configuration.Abstractions": {
        "type": "Transitive",
        "resolved": "6.0.0",
        "contentHash": "qWzV9o+ZRWq+pGm+1dF+R7qTgTYoXvbyowRoBxQJGfqTpqDun2eteerjRQhq5PQ/14S+lqto3Ft4gYaRyl4rdQ==",
        "dependencies": {
          "Microsoft.Extensions.Primitives": "6.0.0"
        }
      },
      "Microsoft.Extensions.Configuration.Binder": {
        "type": "Transitive",
        "resolved": "6.0.0",
        "contentHash": "b3ErKzND8LIC7o08QAVlKfaEIYEvLJbtmVbFZVBRXeu9YkKfSSzLZfR1SUfQPBIy9mKLhEtJgGYImkcMNaKE0A==",
        "dependencies": {
          "Microsoft.Extensions.Configuration.Abstractions": "6.0.0"
        }
      },
      "Microsoft.Extensions.Configuration.EnvironmentVariables": {
        "type": "Transitive",
        "resolved": "6.0.1",
        "contentHash": "pnyXV1LFOsYjGveuC07xp0YHIyGq7jRq5Ncb5zrrIieMLWVwgMyYxcOH0jTnBedDT4Gh1QinSqsjqzcieHk1og==",
        "dependencies": {
          "Microsoft.Extensions.Configuration": "6.0.0",
          "Microsoft.Extensions.Configuration.Abstractions": "6.0.0"
        }
      },
      "Microsoft.Extensions.Configuration.FileExtensions": {
        "type": "Transitive",
        "resolved": "6.0.0",
        "contentHash": "V4Dth2cYMZpw3HhGw9XUDIijpI6gN+22LDt0AhufIgOppCUfpWX4483OmN+dFXRJkJLc8Tv0Q8QK+1ingT2+KQ==",
        "dependencies": {
          "Microsoft.Extensions.Configuration": "6.0.0",
          "Microsoft.Extensions.Configuration.Abstractions": "6.0.0",
          "Microsoft.Extensions.FileProviders.Abstractions": "6.0.0",
          "Microsoft.Extensions.FileProviders.Physical": "6.0.0",
          "Microsoft.Extensions.Primitives": "6.0.0"
        }
      },
      "Microsoft.Extensions.Configuration.Json": {
        "type": "Transitive",
        "resolved": "6.0.0",
        "contentHash": "GJGery6QytCzS/BxJ96klgG9in3uH26KcUBbiVG/coNDXCRq6LGVVlUT4vXq34KPuM+R2av+LeYdX9h4IZOCUg==",
        "dependencies": {
          "Microsoft.Extensions.Configuration": "6.0.0",
          "Microsoft.Extensions.Configuration.Abstractions": "6.0.0",
          "Microsoft.Extensions.Configuration.FileExtensions": "6.0.0",
          "Microsoft.Extensions.FileProviders.Abstractions": "6.0.0",
          "System.Text.Json": "6.0.0"
        }
      },
      "Microsoft.Extensions.DependencyInjection": {
        "type": "Transitive",
        "resolved": "6.0.0",
        "contentHash": "k6PWQMuoBDGGHOQTtyois2u4AwyVcIwL2LaSLlTZQm2CYcJ1pxbt6jfAnpWmzENA/wfrYRI/X9DTLoUkE4AsLw==",
        "dependencies": {
          "Microsoft.Extensions.DependencyInjection.Abstractions": "6.0.0",
          "System.Runtime.CompilerServices.Unsafe": "6.0.0"
        }
      },
      "Microsoft.Extensions.DependencyInjection.Abstractions": {
        "type": "Transitive",
        "resolved": "6.0.0",
        "contentHash": "xlzi2IYREJH3/m6+lUrQlujzX8wDitm4QGnUu6kUXTQAWPuZY8i+ticFJbzfqaetLA6KR/rO6Ew/HuYD+bxifg=="
      },
      "Microsoft.Extensions.FileProviders.Abstractions": {
        "type": "Transitive",
        "resolved": "6.0.0",
        "contentHash": "0pd4/fho0gC12rQswaGQxbU34jOS1TPS8lZPpkFCH68ppQjHNHYle9iRuHeev1LhrJ94YPvzcRd8UmIuFk23Qw==",
        "dependencies": {
          "Microsoft.Extensions.Primitives": "6.0.0"
        }
      },
      "Microsoft.Extensions.FileProviders.Physical": {
        "type": "Transitive",
        "resolved": "6.0.0",
        "contentHash": "QvkL7l0nM8udt3gfyu0Vw8bbCXblxaKOl7c2oBfgGy4LCURRaL9XWZX1FWJrQc43oMokVneVxH38iz+bY1sbhg==",
        "dependencies": {
          "Microsoft.Extensions.FileProviders.Abstractions": "6.0.0",
          "Microsoft.Extensions.FileSystemGlobbing": "6.0.0",
          "Microsoft.Extensions.Primitives": "6.0.0"
        }
      },
      "Microsoft.Extensions.FileSystemGlobbing": {
        "type": "Transitive",
        "resolved": "6.0.0",
        "contentHash": "ip8jnL1aPiaPeKINCqaTEbvBFDmVx9dXQEBZ2HOBRXPD1eabGNqP/bKlsIcp7U2lGxiXd5xIhoFcmY8nM4Hdiw=="
      },
      "Microsoft.Extensions.Logging": {
        "type": "Transitive",
        "resolved": "6.0.0",
        "contentHash": "eIbyj40QDg1NDz0HBW0S5f3wrLVnKWnDJ/JtZ+yJDFnDj90VoPuoPmFkeaXrtu+0cKm5GRAwoDf+dBWXK0TUdg==",
        "dependencies": {
          "Microsoft.Extensions.DependencyInjection": "6.0.0",
          "Microsoft.Extensions.DependencyInjection.Abstractions": "6.0.0",
          "Microsoft.Extensions.Logging.Abstractions": "6.0.0",
          "Microsoft.Extensions.Options": "6.0.0",
          "System.Diagnostics.DiagnosticSource": "6.0.0"
        }
      },
      "Microsoft.Extensions.Logging.Abstractions": {
        "type": "Transitive",
        "resolved": "6.0.0",
        "contentHash": "/HggWBbTwy8TgebGSX5DBZ24ndhzi93sHUBDvP1IxbZD7FDokYzdAr6+vbWGjw2XAfR2EJ1sfKUotpjHnFWPxA=="
      },
      "Microsoft.Extensions.Options": {
        "type": "Transitive",
        "resolved": "6.0.0",
        "contentHash": "dzXN0+V1AyjOe2xcJ86Qbo233KHuLEY0njf/P2Kw8SfJU+d45HNS2ctJdnEnrWbM9Ye2eFgaC5Mj9otRMU6IsQ==",
        "dependencies": {
          "Microsoft.Extensions.DependencyInjection.Abstractions": "6.0.0",
          "Microsoft.Extensions.Primitives": "6.0.0"
        }
      },
      "Microsoft.Extensions.Primitives": {
        "type": "Transitive",
        "resolved": "6.0.0",
        "contentHash": "9+PnzmQFfEFNR9J2aDTfJGGupShHjOuGw4VUv+JB044biSHrnmCIMD+mJHmb2H7YryrfBEXDurxQ47gJZdCKNQ==",
        "dependencies": {
          "System.Runtime.CompilerServices.Unsafe": "6.0.0"
        }
      },
      "Microsoft.SourceLink.Common": {
        "type": "Transitive",
        "resolved": "1.1.1",
        "contentHash": "WMcGpWKrmJmzrNeuaEb23bEMnbtR/vLmvZtkAP5qWu7vQsY59GqfRJd65sFpBszbd2k/bQ8cs8eWawQKAabkVg=="
      },
      "NuGet.Versioning": {
        "type": "Transitive",
        "resolved": "6.1.0",
        "contentHash": "UtKr2U2DNTWVwIgAiUVd+t1qfVGBq9B7pI0s/hIoQOjtSNBWqv6Z5e5UgCFhWXw1wC/QkeaGKMs9ZHSzRrMn2w=="
      },
      "Octokit": {
        "type": "Transitive",
        "resolved": "0.50.0",
        "contentHash": "J5vqespSvjxIAAtjG1Tc6ghBqyfRgDJtKnk/ifi4N0hD/f3JbPwyEDRT+Eelu/bS4C4M6mu5gt1WJqar+fByzg=="
      },
      "Scriban": {
        "type": "Transitive",
        "resolved": "5.4.1",
        "contentHash": "4+VTat3TjBYLs2fwkgRg1ERuLashApP3XI/uAi5lgWQZFJbhZzKvCjZVInISVtmiaEH1wEc05nwLOUCc2YlTrw=="
      },
      "System.Diagnostics.DiagnosticSource": {
        "type": "Transitive",
        "resolved": "6.0.0",
        "contentHash": "frQDfv0rl209cKm1lnwTgFPzNigy2EKk1BS3uAvHvlBVKe5cymGyHO+Sj+NLv5VF/AhHsqPIUUwya5oV4CHMUw==",
        "dependencies": {
          "System.Runtime.CompilerServices.Unsafe": "6.0.0"
        }
      },
      "System.Runtime.CompilerServices.Unsafe": {
        "type": "Transitive",
        "resolved": "6.0.0",
        "contentHash": "/iUeP3tq1S0XdNNoMz5C9twLSrM/TH+qElHkXWaPvuNOt+99G75NrV0OS2EqHx5wMN7popYjpc8oTjC1y16DLg=="
      },
      "System.Text.Encodings.Web": {
        "type": "Transitive",
        "resolved": "6.0.0",
        "contentHash": "Vg8eB5Tawm1IFqj4TVK1czJX89rhFxJo9ELqc/Eiq0eXy13RK00eubyU6TJE6y+GQXjyV5gSfiewDUZjQgSE0w==",
        "dependencies": {
          "System.Runtime.CompilerServices.Unsafe": "6.0.0"
        }
      },
      "System.Text.Json": {
        "type": "Transitive",
        "resolved": "6.0.0",
        "contentHash": "zaJsHfESQvJ11vbXnNlkrR46IaMULk/gHxYsJphzSF+07kTjPHv+Oc14w6QEOfo3Q4hqLJgStUaYB9DBl0TmWg==",
        "dependencies": {
          "System.Runtime.CompilerServices.Unsafe": "6.0.0",
          "System.Text.Encodings.Web": "6.0.0"
        }
      },
      "Zio": {
        "type": "Transitive",
        "resolved": "0.14.0",
        "contentHash": "6J0jEgrNLlcxUshz8cDHQfCDxRxlINEROJByGt3/3FAEY7xZZPheeXSuagFjrNG9LXbkasnIknQkKLGIZtwRaA=="
      },
      "grynwald.changelog": {
        "type": "Project",
        "dependencies": {
          "Autofac": "6.3.0",
          "CommandLineParser": "2.8.0",
          "FluentValidation": "10.4.0",
          "GitLabApiClient": "1.8.0",
          "Grynwald.Utilities": "1.6.122",
          "Grynwald.Utilities.Configuration": "1.6.122",
          "Grynwald.Utilities.Logging": "1.6.122",
          "LibGit2Sharp": "0.27.0-preview-0175",
          "Microsoft.Extensions.Configuration": "6.0.1",
          "Microsoft.Extensions.Configuration.Binder": "6.0.0",
          "Microsoft.Extensions.Configuration.EnvironmentVariables": "6.0.1",
          "Microsoft.Extensions.Configuration.Json": "6.0.0",
          "Microsoft.Extensions.Logging": "6.0.0",
          "NuGet.Versioning": "6.1.0",
          "Octokit": "0.50.0",
          "Scriban": "5.4.1",
          "Zio": "0.14.0"
        }
      }
    }
  }
}