{
  "version": 1,
  "dependencies": {
    "net6.0": {
      "Markdig": {
        "type": "Direct",
        "requested": "[0.30.4, )",
        "resolved": "0.30.4",
        "contentHash": "9LL7Mzubwf6QmOTZIqf+vERiinqPA1H+irBA38POhr93W/it00AvFWaCtF80+8VJTooFmcAJyZT2f60t1f88eQ=="
      },
      "Microsoft.SourceLink.GitHub": {
        "type": "Direct",
        "requested": "[1.1.1, )",
        "resolved": "1.1.1",
        "contentHash": "IaJGnOv/M7UQjRJks7B6p7pbPnOwisYGOIzqCz5ilGFTApZ3ktOR+6zJ12ZRPInulBmdAf1SrGdDG2MU8g6XTw==",
        "dependencies": {
          "Microsoft.Build.Tasks.Git": "1.1.1",
          "Microsoft.SourceLink.Common": "1.1.1"
        }
      },
      "Nerdbank.GitVersioning": {
        "type": "Direct",
        "requested": "[3.5.119, )",
        "resolved": "3.5.119",
        "contentHash": "x8k4zV6YKZA5Rr810439lG9NngdbyPtFv0QpIYz32m1Im59kvSbEHO8gKGZoNvsfZSquayjEDUCa8acbut372g=="
      },
      "Newtonsoft.Json": {
        "type": "Direct",
        "requested": "[13.0.2, )",
        "resolved": "13.0.2",
        "contentHash": "R2pZ3B0UjeyHShm9vG+Tu0EBb2lC8b0dFzV9gVn50ofHXh9Smjk6kTn7A/FdAsC8B5cKib1OnGYOXxRBz5XQDg=="
      },
      "Spectre.Console": {
        "type": "Direct",
        "requested": "[0.45.0, )",
        "resolved": "0.45.0",
        "contentHash": "e//13o8/BCrWmwN26eJ4zCzD2iq7iUlqQd+nDI9nJUdnJ/rYAanYiNFZZ7YHwlv48IKuKtRYYP6/wPt1DG67ww==",
        "dependencies": {
          "System.Memory": "4.5.5"
        }
      },
      "Autofac": {
        "type": "Transitive",
        "resolved": "6.5.0",
        "contentHash": "sm6HWWBDEoTPGXeyOchMygJ/7L89VxmVH72BFxakG88J34AVjA8RMi5jbv3PdpUtXI/d9ZLKOaxCmOSIo2K4aA==",
        "dependencies": {
          "System.Diagnostics.DiagnosticSource": "4.7.1"
        }
      },
      "CommandLineParser": {
        "type": "Transitive",
        "resolved": "2.9.1",
        "contentHash": "OE0sl1/sQ37bjVsPKKtwQlWDgqaxWgtme3xZz7JssWUzg5JpMIyHgCTY9MVMxOg48fJ1AgGT3tgdH5m/kQ5xhA=="
      },
      "FluentValidation": {
        "type": "Transitive",
        "resolved": "11.4.0",
        "contentHash": "WZJyrNf4suiaI6avVG32W9kmBLC3+V5rDTcLeRJjeU4tDmTyDIOz1459DzCKppXs34YpZg9rCUzDY3M4XxG7Ug=="
      },
      "GitLabApiClient": {
        "type": "Transitive",
        "resolved": "1.8.0",
        "contentHash": "xfC4r7AQaRsX/IgQuMAskAK520CfB66rnENt327qymAD+ZIh/y6DwSqKmvPIZMQao74rL0Dpm66cn5q1X+lqLA==",
        "dependencies": {
          "Newtonsoft.Json": "12.0.3"
        }
      },
      "Grynwald.Utilities": {
        "type": "Transitive",
        "resolved": "1.6.122",
        "contentHash": "mToOFiNgw43Tcvo1FA+hnNHEO4TrcK7QJi/pXony2B/4ui7d66/MVUrVWIGIxE1LT6jW776d74t/c3E99G9hLQ=="
      },
      "Grynwald.Utilities.Configuration": {
        "type": "Transitive",
        "resolved": "1.6.122",
        "contentHash": "e/8Dt4EGZrQmyxyS7rKYVP5YyNP62PfV3mfPFg+cYc2pGRut3QMKfYCA6JAqkiJtoQOh3akguC8JwjRl5o61Jg==",
        "dependencies": {
          "Microsoft.Extensions.Configuration": "6.0.0"
        }
      },
      "Grynwald.Utilities.Logging": {
        "type": "Transitive",
        "resolved": "1.6.122",
        "contentHash": "r9lg3afsHlvAKqlWTWwYQ/IzSZAuzXkPoo38DRWD1Wo9ZWqklpxD1mjl1/gv7Lh0/4WbBLK5XSExqN0Th/WqGw==",
        "dependencies": {
          "Microsoft.Extensions.Logging.Abstractions": "6.0.0"
        }
      },
      "LibGit2Sharp": {
        "type": "Transitive",
        "resolved": "0.27.0-preview-0182",
        "contentHash": "YgSFGX7q+KwzkjiD04sZ6Zr8GVrG4o7dHUwM9eDsliT350HxX83smtJc8kyMBiBLyjX4X3qB7aIs2KJL3Uh1og==",
        "dependencies": {
          "LibGit2Sharp.NativeBinaries": "[2.0.315-alpha.0.9]"
        }
      },
      "LibGit2Sharp.NativeBinaries": {
        "type": "Transitive",
        "resolved": "2.0.315-alpha.0.9",
        "contentHash": "Cl9E9ZRZm2ma5k/gD/9+f5WAh/9ayhENos/jLkSmPmzkuKl8qkTaLHA9j70qEZ1RSRceDlIwbfSYzVD5JaxHzg=="
      },
      "Microsoft.Build.Tasks.Git": {
        "type": "Transitive",
        "resolved": "1.1.1",
        "contentHash": "AT3HlgTjsqHnWpBHSNeR0KxbLZD7bztlZVj7I8vgeYG9SYqbeFGh0TM/KVtC6fg53nrWHl3VfZFvb5BiQFcY6Q=="
      },
      "Microsoft.Extensions.Configuration": {
        "type": "Transitive",
        "resolved": "6.0.1",
        "contentHash": "BUyFU9t+HzlSE7ri4B+AQN2BgTgHv/uM82s5ZkgU1BApyzWzIl48nDsG5wR1t0pniNuuyTBzG3qCW8152/NtSw==",
        "dependencies": {
          "Microsoft.Extensions.Configuration.Abstractions": "6.0.0",
          "Microsoft.Extensions.Primitives": "6.0.0"
        }
      },
      "Microsoft.Extensions.Configuration.Abstractions": {
        "type": "Transitive",
        "resolved": "6.0.0",
        "contentHash": "qWzV9o+ZRWq+pGm+1dF+R7qTgTYoXvbyowRoBxQJGfqTpqDun2eteerjRQhq5PQ/14S+lqto3Ft4gYaRyl4rdQ==",
        "dependencies": {
          "Microsoft.Extensions.Primitives": "6.0.0"
        }
      },
      "Microsoft.Extensions.Configuration.Binder": {
        "type": "Transitive",
        "resolved": "6.0.0",
        "contentHash": "b3ErKzND8LIC7o08QAVlKfaEIYEvLJbtmVbFZVBRXeu9YkKfSSzLZfR1SUfQPBIy9mKLhEtJgGYImkcMNaKE0A==",
        "dependencies": {
          "Microsoft.Extensions.Configuration.Abstractions": "6.0.0"
        }
      },
      "Microsoft.Extensions.Configuration.EnvironmentVariables": {
        "type": "Transitive",
        "resolved": "6.0.1",
        "contentHash": "pnyXV1LFOsYjGveuC07xp0YHIyGq7jRq5Ncb5zrrIieMLWVwgMyYxcOH0jTnBedDT4Gh1QinSqsjqzcieHk1og==",
        "dependencies": {
          "Microsoft.Extensions.Configuration": "6.0.0",
          "Microsoft.Extensions.Configuration.Abstractions": "6.0.0"
        }
      },
      "Microsoft.Extensions.Configuration.FileExtensions": {
        "type": "Transitive",
        "resolved": "6.0.0",
        "contentHash": "V4Dth2cYMZpw3HhGw9XUDIijpI6gN+22LDt0AhufIgOppCUfpWX4483OmN+dFXRJkJLc8Tv0Q8QK+1ingT2+KQ==",
        "dependencies": {
          "Microsoft.Extensions.Configuration": "6.0.0",
          "Microsoft.Extensions.Configuration.Abstractions": "6.0.0",
          "Microsoft.Extensions.FileProviders.Abstractions": "6.0.0",
          "Microsoft.Extensions.FileProviders.Physical": "6.0.0",
          "Microsoft.Extensions.Primitives": "6.0.0"
        }
      },
      "Microsoft.Extensions.Configuration.Json": {
        "type": "Transitive",
        "resolved": "6.0.0",
        "contentHash": "GJGery6QytCzS/BxJ96klgG9in3uH26KcUBbiVG/coNDXCRq6LGVVlUT4vXq34KPuM+R2av+LeYdX9h4IZOCUg==",
        "dependencies": {
          "Microsoft.Extensions.Configuration": "6.0.0",
          "Microsoft.Extensions.Configuration.Abstractions": "6.0.0",
          "Microsoft.Extensions.Configuration.FileExtensions": "6.0.0",
          "Microsoft.Extensions.FileProviders.Abstractions": "6.0.0",
          "System.Text.Json": "6.0.0"
        }
      },
      "Microsoft.Extensions.DependencyInjection": {
        "type": "Transitive",
        "resolved": "6.0.0",
        "contentHash": "k6PWQMuoBDGGHOQTtyois2u4AwyVcIwL2LaSLlTZQm2CYcJ1pxbt6jfAnpWmzENA/wfrYRI/X9DTLoUkE4AsLw==",
        "dependencies": {
          "Microsoft.Extensions.DependencyInjection.Abstractions": "6.0.0",
          "System.Runtime.CompilerServices.Unsafe": "6.0.0"
        }
      },
      "Microsoft.Extensions.DependencyInjection.Abstractions": {
        "type": "Transitive",
        "resolved": "6.0.0",
        "contentHash": "xlzi2IYREJH3/m6+lUrQlujzX8wDitm4QGnUu6kUXTQAWPuZY8i+ticFJbzfqaetLA6KR/rO6Ew/HuYD+bxifg=="
      },
      "Microsoft.Extensions.FileProviders.Abstractions": {
        "type": "Transitive",
        "resolved": "6.0.0",
        "contentHash": "0pd4/fho0gC12rQswaGQxbU34jOS1TPS8lZPpkFCH68ppQjHNHYle9iRuHeev1LhrJ94YPvzcRd8UmIuFk23Qw==",
        "dependencies": {
          "Microsoft.Extensions.Primitives": "6.0.0"
        }
      },
      "Microsoft.Extensions.FileProviders.Physical": {
        "type": "Transitive",
        "resolved": "6.0.0",
        "contentHash": "QvkL7l0nM8udt3gfyu0Vw8bbCXblxaKOl7c2oBfgGy4LCURRaL9XWZX1FWJrQc43oMokVneVxH38iz+bY1sbhg==",
        "dependencies": {
          "Microsoft.Extensions.FileProviders.Abstractions": "6.0.0",
          "Microsoft.Extensions.FileSystemGlobbing": "6.0.0",
          "Microsoft.Extensions.Primitives": "6.0.0"
        }
      },
      "Microsoft.Extensions.FileSystemGlobbing": {
        "type": "Transitive",
        "resolved": "6.0.0",
        "contentHash": "ip8jnL1aPiaPeKINCqaTEbvBFDmVx9dXQEBZ2HOBRXPD1eabGNqP/bKlsIcp7U2lGxiXd5xIhoFcmY8nM4Hdiw=="
      },
      "Microsoft.Extensions.Logging": {
        "type": "Transitive",
        "resolved": "6.0.0",
        "contentHash": "eIbyj40QDg1NDz0HBW0S5f3wrLVnKWnDJ/JtZ+yJDFnDj90VoPuoPmFkeaXrtu+0cKm5GRAwoDf+dBWXK0TUdg==",
        "dependencies": {
          "Microsoft.Extensions.DependencyInjection": "6.0.0",
          "Microsoft.Extensions.DependencyInjection.Abstractions": "6.0.0",
          "Microsoft.Extensions.Logging.Abstractions": "6.0.0",
          "Microsoft.Extensions.Options": "6.0.0",
          "System.Diagnostics.DiagnosticSource": "6.0.0"
        }
      },
      "Microsoft.Extensions.Logging.Abstractions": {
        "type": "Transitive",
        "resolved": "6.0.0",
        "contentHash": "/HggWBbTwy8TgebGSX5DBZ24ndhzi93sHUBDvP1IxbZD7FDokYzdAr6+vbWGjw2XAfR2EJ1sfKUotpjHnFWPxA=="
      },
      "Microsoft.Extensions.Options": {
        "type": "Transitive",
        "resolved": "6.0.0",
        "contentHash": "dzXN0+V1AyjOe2xcJ86Qbo233KHuLEY0njf/P2Kw8SfJU+d45HNS2ctJdnEnrWbM9Ye2eFgaC5Mj9otRMU6IsQ==",
        "dependencies": {
          "Microsoft.Extensions.DependencyInjection.Abstractions": "6.0.0",
          "Microsoft.Extensions.Primitives": "6.0.0"
        }
      },
      "Microsoft.Extensions.Primitives": {
        "type": "Transitive",
        "resolved": "6.0.0",
        "contentHash": "9+PnzmQFfEFNR9J2aDTfJGGupShHjOuGw4VUv+JB044biSHrnmCIMD+mJHmb2H7YryrfBEXDurxQ47gJZdCKNQ==",
        "dependencies": {
          "System.Runtime.CompilerServices.Unsafe": "6.0.0"
        }
      },
      "Microsoft.SourceLink.Common": {
        "type": "Transitive",
        "resolved": "1.1.1",
        "contentHash": "WMcGpWKrmJmzrNeuaEb23bEMnbtR/vLmvZtkAP5qWu7vQsY59GqfRJd65sFpBszbd2k/bQ8cs8eWawQKAabkVg=="
      },
      "NuGet.Versioning": {
        "type": "Transitive",
        "resolved": "6.3.1",
        "contentHash": "T/igBDLXCd+pH3YTWgGVNvYSOwbwaT30NyyM9ONjvlHlmaUjKBJpr9kH0AeL+Ado4EJsBhU3qxXVc6lyrpRcMw=="
      },
      "Octokit": {
        "type": "Transitive",
        "resolved": "4.0.3",
        "contentHash": "KhRtKMEJfjwGKwpha1JalVlRrUP4WfhqG6b0VCiQ2w8JTa1LwhoRPWH9EpZ01Q8I9Qshu2kJu/1lMUOaR4yc3Q=="
      },
      "Scriban": {
        "type": "Transitive",
        "resolved": "5.5.1",
        "contentHash": "ZGCDgKwyx0pPp5p8lsqBDLlOQR5qTVhD/hgVmdL1K8ReyCDdPxhvUUmzdFhBsPxGEqyDwG8dIEQ8BynzR3trpw=="
      },
      "System.Diagnostics.DiagnosticSource": {
        "type": "Transitive",
        "resolved": "6.0.0",
        "contentHash": "frQDfv0rl209cKm1lnwTgFPzNigy2EKk1BS3uAvHvlBVKe5cymGyHO+Sj+NLv5VF/AhHsqPIUUwya5oV4CHMUw==",
        "dependencies": {
          "System.Runtime.CompilerServices.Unsafe": "6.0.0"
        }
      },
      "System.Memory": {
        "type": "Transitive",
        "resolved": "4.5.5",
        "contentHash": "XIWiDvKPXaTveaB7HVganDlOCRoj03l+jrwNvcge/t8vhGYKvqV+dMv6G4SAX2NoNmN0wZfVPTAlFwZcZvVOUw=="
      },
      "System.Runtime.CompilerServices.Unsafe": {
        "type": "Transitive",
        "resolved": "6.0.0",
        "contentHash": "/iUeP3tq1S0XdNNoMz5C9twLSrM/TH+qElHkXWaPvuNOt+99G75NrV0OS2EqHx5wMN7popYjpc8oTjC1y16DLg=="
      },
      "System.Text.Encodings.Web": {
        "type": "Transitive",
        "resolved": "6.0.0",
        "contentHash": "Vg8eB5Tawm1IFqj4TVK1czJX89rhFxJo9ELqc/Eiq0eXy13RK00eubyU6TJE6y+GQXjyV5gSfiewDUZjQgSE0w==",
        "dependencies": {
          "System.Runtime.CompilerServices.Unsafe": "6.0.0"
        }
      },
      "System.Text.Json": {
        "type": "Transitive",
        "resolved": "6.0.0",
        "contentHash": "zaJsHfESQvJ11vbXnNlkrR46IaMULk/gHxYsJphzSF+07kTjPHv+Oc14w6QEOfo3Q4hqLJgStUaYB9DBl0TmWg==",
        "dependencies": {
          "System.Runtime.CompilerServices.Unsafe": "6.0.0",
          "System.Text.Encodings.Web": "6.0.0"
        }
      },
      "Zio": {
        "type": "Transitive",
        "resolved": "0.15.0",
        "contentHash": "tBxkD9ZEXkVBwGZPvsb/8HoQRTFGHXn2HWL2UO9V4gmzKbGEf9SB48i78oC+2JfTYtWe/H/eASSapNz7WTd4pg=="
      },
      "grynwald.changelog": {
        "type": "Project",
        "dependencies": {
          "Autofac": "[6.5.0, )",
          "CommandLineParser": "[2.9.1, )",
          "FluentValidation": "[11.4.0, )",
          "GitLabApiClient": "[1.8.0, )",
          "Grynwald.Utilities": "[1.6.122, )",
          "Grynwald.Utilities.Configuration": "[1.6.122, )",
          "Grynwald.Utilities.Logging": "[1.6.122, )",
          "LibGit2Sharp": "[0.27.0-preview-0182, )",
          "Microsoft.Extensions.Configuration": "[6.0.1, )",
          "Microsoft.Extensions.Configuration.Binder": "[6.0.0, )",
          "Microsoft.Extensions.Configuration.EnvironmentVariables": "[6.0.1, )",
          "Microsoft.Extensions.Configuration.Json": "[6.0.0, )",
          "Microsoft.Extensions.Logging": "[6.0.0, )",
          "NuGet.Versioning": "[6.3.1, )",
          "Octokit": "[4.0.3, )",
          "Scriban": "[5.5.1, )",
          "Zio": "[0.15.0, )"
        }
      }
    }
  }
}